
Microsoft Visual Studio Solution File, Format Version 12.00
# Visual Studio Version 17
VisualStudioVersion = 17.11.35312.102
MinimumVisualStudioVersion = 10.0.40219.1
Project("{FAE04EC0-301F-11D3-BF4B-00C04F79EFBC}") = "MicrosoftDemoCICD", "MicrosoftDemoCICD\MicrosoftDemoCICD.csproj", "{48589CAD-58CB-4A14-BDAF-6D0C5E112DCB}"
EndProject
Global
	GlobalSection(SolutionConfigurationPlatforms) = preSolution
		Debug|Any CPU = Debug|Any CPU
		Release|Any CPU = Release|Any CPU
	EndGlobalSection
	GlobalSection(ProjectConfigurationPlatforms) = postSolution
		{48589CAD-58CB-4A14-BDAF-6D0C5E112DCB}.Debug|Any CPU.ActiveCfg = Debug|Any CPU
		{48589CAD-58CB-4A14-BDAF-6D0C5E112DCB}.Debug|Any CPU.Build.0 = Debug|Any CPU
		{48589CAD-58CB-4A14-BDAF-6D0C5E112DCB}.Release|Any CPU.ActiveCfg = Release|Any CPU
		{48589CAD-58CB-4A14-BDAF-6D0C5E112DCB}.Release|Any CPU.Build.0 = Release|Any CPU
	EndGlobalSection
	GlobalSection(SolutionProperties) = preSolution
		HideSolutionNode = FALSE
	EndGlobalSection
	GlobalSection(ExtensibilityGlobals) = postSolution
		SolutionGuid = {8BC650D0-E39C-4C4C-ADDE-0AD67E8DD146}
	EndGlobalSection
EndGlobal
